
Microsoft Visual Studio Solution File, Format Version 12.00
# Visual Studio Version 17
VisualStudioVersion = 17.8.34601.278
MinimumVisualStudioVersion = 10.0.40219.1
Project("{CC5FD16D-436D-48AD-A40C-5A424C6E3E79}") = "DevReadyOnStartException", "DevReadyOnStartException.ccproj", "{878E8434-3FFF-4A45-9996-5F09F0C6A520}"
EndProject
Project("{FAE04EC0-301F-11D3-BF4B-00C04F79EFBC}") = "WebRole1", "WebRole1\WebRole1.csproj", "{9C8660A5-FE4A-4AE9-92EB-D7B373045413}"
EndProject
Global
	GlobalSection(SolutionConfigurationPlatforms) = preSolution
		Debug|Any CPU = Debug|Any CPU
		Release|Any CPU = Release|Any CPU
	EndGlobalSection
	GlobalSection(ProjectConfigurationPlatforms) = postSolution
		{878E8434-3FFF-4A45-9996-5F09F0C6A520}.Debug|Any CPU.ActiveCfg = Debug|Any CPU
		{878E8434-3FFF-4A45-9996-5F09F0C6A520}.Debug|Any CPU.Build.0 = Debug|Any CPU
		{878E8434-3FFF-4A45-9996-5F09F0C6A520}.Release|Any CPU.ActiveCfg = Release|Any CPU
		{878E8434-3FFF-4A45-9996-5F09F0C6A520}.Release|Any CPU.Build.0 = Release|Any CPU
		{9C8660A5-FE4A-4AE9-92EB-D7B373045413}.Debug|Any CPU.ActiveCfg = Debug|Any CPU
		{9C8660A5-FE4A-4AE9-92EB-D7B373045413}.Debug|Any CPU.Build.0 = Debug|Any CPU
		{9C8660A5-FE4A-4AE9-92EB-D7B373045413}.Release|Any CPU.ActiveCfg = Release|Any CPU
		{9C8660A5-FE4A-4AE9-92EB-D7B373045413}.Release|Any CPU.Build.0 = Release|Any CPU
	EndGlobalSection
	GlobalSection(SolutionProperties) = preSolution
		HideSolutionNode = FALSE
	EndGlobalSection
	GlobalSection(ExtensibilityGlobals) = postSolution
		SolutionGuid = {281D6BB4-8739-46F9-87B4-87726C79C662}
	EndGlobalSection
EndGlobal
